
Microsoft Visual Studio Solution File, Format Version 12.00
# Visual Studio 15
VisualStudioVersion = 15.0.27703.2035
MinimumVisualStudioVersion = 10.0.40219.1
Project("{9A19103F-16F7-4668-BE54-9A1E7A4F7556}") = "Installer.Core", "Installer.Core\Installer.Core.csproj", "{97CF13C2-67D8-4BDF-80D3-00E31685603F}"
EndProject
Project("{FAE04EC0-301F-11D3-BF4B-00C04F79EFBC}") = "Installer.Core.FullFx", "Installer.Core.FullFx\Installer.Core.FullFx.csproj", "{15D1B19B-6F1B-47AD-BE7B-F9BCA447CBC0}"
EndProject
Project("{FAE04EC0-301F-11D3-BF4B-00C04F79EFBC}") = "Installer.Tests", "Installer.Tests\Installer.Tests.csproj", "{3C13BAB1-A222-4AE5-BE4B-F64FAD6F9606}"
EndProject
Project("{FAE04EC0-301F-11D3-BF4B-00C04F79EFBC}") = "Installer.Lumia.Application", "Installer.Wpf\Installer.Lumia.Application.csproj", "{19064893-A79C-4E75-9FEA-391F6CEA4917}"
EndProject
Project("{9A19103F-16F7-4668-BE54-9A1E7A4F7556}") = "Registry", "Registry\Registry\Registry.csproj", "{5C40BE24-A89D-4973-B668-2D6E945CB047}"
EndProject
Project("{2150E333-8FDC-42A3-9474-1A3956D46DE8}") = "Submodules", "Submodules", "{9BCD9498-F120-4DB2-BD5E-E2698705AC77}"
EndProject
Project("{FAE04EC0-301F-11D3-BF4B-00C04F79EFBC}") = "Installer.Wpf.Core", "Installer.Wpf.Core\Installer.Wpf.Core.csproj", "{AD8EA86C-AF60-4CCF-9CAA-07BBF5E039EC}"
EndProject
Project("{FAE04EC0-301F-11D3-BF4B-00C04F79EFBC}") = "Installer.Raspberry.Application", "Installer.Wpf.Raspberry\Installer.Raspberry.Application.csproj", "{47C79FDD-FBDC-4382-8780-7B9E77C4A4F6}"
EndProject
Project("{9A19103F-16F7-4668-BE54-9A1E7A4F7556}") = "Installer.UI", "Installer.UI\Installer.UI.csproj", "{D15DB86E-52F8-48A6-9F46-276E34BD22AB}"
EndProject
Project("{9A19103F-16F7-4668-BE54-9A1E7A4F7556}") = "Installer.Lumia.ViewModels", "Installer.ViewModels\Installer.Lumia.ViewModels.csproj", "{52070C21-5F3B-438D-BC84-F54C4B47C993}"
EndProject
Project("{9A19103F-16F7-4668-BE54-9A1E7A4F7556}") = "Installer.Lumia.Core", "Installer.Core.Lumia\Installer.Lumia.Core.csproj", "{BB117CF2-8461-4353-8F07-4D5E9A1459FB}"
EndProject
Project("{9A19103F-16F7-4668-BE54-9A1E7A4F7556}") = "Installer.ViewModels.Core", "Installer.ViewModels.Core\Installer.ViewModels.Core.csproj", "{4CBD19E9-9D48-41A6-BCC7-19B1DC7A29D9}"
EndProject
Project("{2150E333-8FDC-42A3-9474-1A3956D46DE8}") = "Lumia", "Lumia", "{D88E68E3-EF33-4B23-9EB4-0B2885D2F115}"
EndProject
Project("{2150E333-8FDC-42A3-9474-1A3956D46DE8}") = "Raspberry PI", "Raspberry PI", "{C8274C38-0C94-4984-9FC7-0D1463A4F674}"
EndProject
Project("{9A19103F-16F7-4668-BE54-9A1E7A4F7556}") = "Installer.Raspberry.ViewModels", "Installer.ViewModels.Raspberry\Installer.Raspberry.ViewModels.csproj", "{57EE0A2E-6E4F-427F-A2CB-107EDF7B1976}"
EndProject
Project("{9A19103F-16F7-4668-BE54-9A1E7A4F7556}") = "Installer.Raspberry.Core", "Installer.Core.Raspberry\Installer.Raspberry.Core.csproj", "{BBB0938E-37FE-4D4D-BC45-670F6328AE03}"
EndProject
Global
	GlobalSection(SolutionConfigurationPlatforms) = preSolution
		Debug|Any CPU = Debug|Any CPU
		Release|Any CPU = Release|Any CPU
	EndGlobalSection
	GlobalSection(ProjectConfigurationPlatforms) = postSolution
		{97CF13C2-67D8-4BDF-80D3-00E31685603F}.Debug|Any CPU.ActiveCfg = Debug|Any CPU
		{97CF13C2-67D8-4BDF-80D3-00E31685603F}.Debug|Any CPU.Build.0 = Debug|Any CPU
		{97CF13C2-67D8-4BDF-80D3-00E31685603F}.Release|Any CPU.ActiveCfg = Release|Any CPU
		{97CF13C2-67D8-4BDF-80D3-00E31685603F}.Release|Any CPU.Build.0 = Release|Any CPU
		{15D1B19B-6F1B-47AD-BE7B-F9BCA447CBC0}.Debug|Any CPU.ActiveCfg = Debug|Any CPU
		{15D1B19B-6F1B-47AD-BE7B-F9BCA447CBC0}.Debug|Any CPU.Build.0 = Debug|Any CPU
		{15D1B19B-6F1B-47AD-BE7B-F9BCA447CBC0}.Release|Any CPU.ActiveCfg = Release|Any CPU
		{15D1B19B-6F1B-47AD-BE7B-F9BCA447CBC0}.Release|Any CPU.Build.0 = Release|Any CPU
		{3C13BAB1-A222-4AE5-BE4B-F64FAD6F9606}.Debug|Any CPU.ActiveCfg = Debug|Any CPU
		{3C13BAB1-A222-4AE5-BE4B-F64FAD6F9606}.Debug|Any CPU.Build.0 = Debug|Any CPU
		{3C13BAB1-A222-4AE5-BE4B-F64FAD6F9606}.Release|Any CPU.ActiveCfg = Release|Any CPU
		{3C13BAB1-A222-4AE5-BE4B-F64FAD6F9606}.Release|Any CPU.Build.0 = Release|Any CPU
		{19064893-A79C-4E75-9FEA-391F6CEA4917}.Debug|Any CPU.ActiveCfg = Debug|Any CPU
		{19064893-A79C-4E75-9FEA-391F6CEA4917}.Debug|Any CPU.Build.0 = Debug|Any CPU
		{19064893-A79C-4E75-9FEA-391F6CEA4917}.Release|Any CPU.ActiveCfg = Release|Any CPU
		{19064893-A79C-4E75-9FEA-391F6CEA4917}.Release|Any CPU.Build.0 = Release|Any CPU
		{5C40BE24-A89D-4973-B668-2D6E945CB047}.Debug|Any CPU.ActiveCfg = Debug|Any CPU
		{5C40BE24-A89D-4973-B668-2D6E945CB047}.Debug|Any CPU.Build.0 = Debug|Any CPU
		{5C40BE24-A89D-4973-B668-2D6E945CB047}.Release|Any CPU.ActiveCfg = Release|Any CPU
		{5C40BE24-A89D-4973-B668-2D6E945CB047}.Release|Any CPU.Build.0 = Release|Any CPU
		{AD8EA86C-AF60-4CCF-9CAA-07BBF5E039EC}.Debug|Any CPU.ActiveCfg = Debug|Any CPU
		{AD8EA86C-AF60-4CCF-9CAA-07BBF5E039EC}.Debug|Any CPU.Build.0 = Debug|Any CPU
		{AD8EA86C-AF60-4CCF-9CAA-07BBF5E039EC}.Release|Any CPU.ActiveCfg = Release|Any CPU
		{AD8EA86C-AF60-4CCF-9CAA-07BBF5E039EC}.Release|Any CPU.Build.0 = Release|Any CPU
		{47C79FDD-FBDC-4382-8780-7B9E77C4A4F6}.Debug|Any CPU.ActiveCfg = Debug|Any CPU
		{47C79FDD-FBDC-4382-8780-7B9E77C4A4F6}.Debug|Any CPU.Build.0 = Debug|Any CPU
		{47C79FDD-FBDC-4382-8780-7B9E77C4A4F6}.Release|Any CPU.ActiveCfg = Release|Any CPU
		{47C79FDD-FBDC-4382-8780-7B9E77C4A4F6}.Release|Any CPU.Build.0 = Release|Any CPU
		{D15DB86E-52F8-48A6-9F46-276E34BD22AB}.Debug|Any CPU.ActiveCfg = Debug|Any CPU
		{D15DB86E-52F8-48A6-9F46-276E34BD22AB}.Debug|Any CPU.Build.0 = Debug|Any CPU
		{D15DB86E-52F8-48A6-9F46-276E34BD22AB}.Release|Any CPU.ActiveCfg = Release|Any CPU
		{D15DB86E-52F8-48A6-9F46-276E34BD22AB}.Release|Any CPU.Build.0 = Release|Any CPU
		{52070C21-5F3B-438D-BC84-F54C4B47C993}.Debug|Any CPU.ActiveCfg = Debug|Any CPU
		{52070C21-5F3B-438D-BC84-F54C4B47C993}.Debug|Any CPU.Build.0 = Debug|Any CPU
		{52070C21-5F3B-438D-BC84-F54C4B47C993}.Release|Any CPU.ActiveCfg = Release|Any CPU
		{52070C21-5F3B-438D-BC84-F54C4B47C993}.Release|Any CPU.Build.0 = Release|Any CPU
		{BB117CF2-8461-4353-8F07-4D5E9A1459FB}.Debug|Any CPU.ActiveCfg = Debug|Any CPU
		{BB117CF2-8461-4353-8F07-4D5E9A1459FB}.Debug|Any CPU.Build.0 = Debug|Any CPU
		{BB117CF2-8461-4353-8F07-4D5E9A1459FB}.Release|Any CPU.ActiveCfg = Release|Any CPU
		{BB117CF2-8461-4353-8F07-4D5E9A1459FB}.Release|Any CPU.Build.0 = Release|Any CPU
		{4CBD19E9-9D48-41A6-BCC7-19B1DC7A29D9}.Debug|Any CPU.ActiveCfg = Debug|Any CPU
		{4CBD19E9-9D48-41A6-BCC7-19B1DC7A29D9}.Debug|Any CPU.Build.0 = Debug|Any CPU
		{4CBD19E9-9D48-41A6-BCC7-19B1DC7A29D9}.Release|Any CPU.ActiveCfg = Release|Any CPU
		{4CBD19E9-9D48-41A6-BCC7-19B1DC7A29D9}.Release|Any CPU.Build.0 = Release|Any CPU
		{57EE0A2E-6E4F-427F-A2CB-107EDF7B1976}.Debug|Any CPU.ActiveCfg = Debug|Any CPU
		{57EE0A2E-6E4F-427F-A2CB-107EDF7B1976}.Debug|Any CPU.Build.0 = Debug|Any CPU
		{57EE0A2E-6E4F-427F-A2CB-107EDF7B1976}.Release|Any CPU.ActiveCfg = Release|Any CPU
		{57EE0A2E-6E4F-427F-A2CB-107EDF7B1976}.Release|Any CPU.Build.0 = Release|Any CPU
		{BBB0938E-37FE-4D4D-BC45-670F6328AE03}.Debug|Any CPU.ActiveCfg = Debug|Any CPU
		{BBB0938E-37FE-4D4D-BC45-670F6328AE03}.Debug|Any CPU.Build.0 = Debug|Any CPU
		{BBB0938E-37FE-4D4D-BC45-670F6328AE03}.Release|Any CPU.ActiveCfg = Release|Any CPU
		{BBB0938E-37FE-4D4D-BC45-670F6328AE03}.Release|Any CPU.Build.0 = Release|Any CPU
	EndGlobalSection
	GlobalSection(SolutionProperties) = preSolution
		HideSolutionNode = FALSE
	EndGlobalSection
	GlobalSection(NestedProjects) = preSolution
		{19064893-A79C-4E75-9FEA-391F6CEA4917} = {D88E68E3-EF33-4B23-9EB4-0B2885D2F115}
		{5C40BE24-A89D-4973-B668-2D6E945CB047} = {9BCD9498-F120-4DB2-BD5E-E2698705AC77}
		{47C79FDD-FBDC-4382-8780-7B9E77C4A4F6} = {C8274C38-0C94-4984-9FC7-0D1463A4F674}
		{52070C21-5F3B-438D-BC84-F54C4B47C993} = {D88E68E3-EF33-4B23-9EB4-0B2885D2F115}
		{BB117CF2-8461-4353-8F07-4D5E9A1459FB} = {D88E68E3-EF33-4B23-9EB4-0B2885D2F115}
		{57EE0A2E-6E4F-427F-A2CB-107EDF7B1976} = {C8274C38-0C94-4984-9FC7-0D1463A4F674}
		{BBB0938E-37FE-4D4D-BC45-670F6328AE03} = {C8274C38-0C94-4984-9FC7-0D1463A4F674}
	EndGlobalSection
	GlobalSection(ExtensibilityGlobals) = postSolution
		SolutionGuid = {E09817AC-F002-4FDC-BA6F-5A99F55D72C0}
	EndGlobalSection
EndGlobal
